
Microsoft Visual Studio Solution File, Format Version 12.00
Project("{FAE04EC0-301F-11D3-BF4B-00C04F79EFBC}") = "CodeGuesser", "CodeGuesser\CodeGuesser.csproj", "{BEC13905-88AA-46EF-820B-0F2EF80B8249}"
EndProject
Global
	GlobalSection(SolutionConfigurationPlatforms) = preSolution
		Debug|Any CPU = Debug|Any CPU
		Release|Any CPU = Release|Any CPU
	EndGlobalSection
	GlobalSection(ProjectConfigurationPlatforms) = postSolution
		{BEC13905-88AA-46EF-820B-0F2EF80B8249}.Debug|Any CPU.ActiveCfg = Debug|Any CPU
		{BEC13905-88AA-46EF-820B-0F2EF80B8249}.Debug|Any CPU.Build.0 = Debug|Any CPU
		{BEC13905-88AA-46EF-820B-0F2EF80B8249}.Release|Any CPU.ActiveCfg = Release|Any CPU
		{BEC13905-88AA-46EF-820B-0F2EF80B8249}.Release|Any CPU.Build.0 = Release|Any CPU
	EndGlobalSection
EndGlobal
